
Microsoft Visual Studio Solution File, Format Version 12.00
# Visual Studio Version 17
VisualStudioVersion = 17.4.33213.308
MinimumVisualStudioVersion = 10.0.40219.1
Project("{FAE04EC0-301F-11D3-BF4B-00C04F79EFBC}") = "Restaurant", "DDD.Team2.Restaurant\Restaurant.csproj", "{5544760C-FAB8-4282-9C4E-03CD0FAD8B94}"
EndProject
Project("{2150E333-8FDC-42A3-9474-1A3956D46DE8}") = "DLLs", "DLLs", "{C1E5BD20-946D-4DE5-BB53-418A6D4FDE32}"
	ProjectSection(SolutionItems) = preProject
		DLLs\DDD.Foundations.dll = DLLs\DDD.Foundations.dll
		DLLs\DDD.Primitives.dll = DLLs\DDD.Primitives.dll
	EndProjectSection
EndProject
Project("{FAE04EC0-301F-11D3-BF4B-00C04F79EFBC}") = "Dinner", "Dinner\Dinner.csproj", "{5471D642-0F96-4192-A432-0490A484C64D}"
EndProject
Global
	GlobalSection(SolutionConfigurationPlatforms) = preSolution
		Debug|Any CPU = Debug|Any CPU
		Release|Any CPU = Release|Any CPU
	EndGlobalSection
	GlobalSection(ProjectConfigurationPlatforms) = postSolution
		{5544760C-FAB8-4282-9C4E-03CD0FAD8B94}.Debug|Any CPU.ActiveCfg = Debug|Any CPU
		{5544760C-FAB8-4282-9C4E-03CD0FAD8B94}.Debug|Any CPU.Build.0 = Debug|Any CPU
		{5544760C-FAB8-4282-9C4E-03CD0FAD8B94}.Release|Any CPU.ActiveCfg = Release|Any CPU
		{5544760C-FAB8-4282-9C4E-03CD0FAD8B94}.Release|Any CPU.Build.0 = Release|Any CPU
		{5471D642-0F96-4192-A432-0490A484C64D}.Debug|Any CPU.ActiveCfg = Debug|Any CPU
		{5471D642-0F96-4192-A432-0490A484C64D}.Debug|Any CPU.Build.0 = Debug|Any CPU
		{5471D642-0F96-4192-A432-0490A484C64D}.Release|Any CPU.ActiveCfg = Release|Any CPU
		{5471D642-0F96-4192-A432-0490A484C64D}.Release|Any CPU.Build.0 = Release|Any CPU
	EndGlobalSection
	GlobalSection(SolutionProperties) = preSolution
		HideSolutionNode = FALSE
	EndGlobalSection
	GlobalSection(ExtensibilityGlobals) = postSolution
		SolutionGuid = {78A6AC6E-B070-48A0-B5A6-D0730A2D5788}
	EndGlobalSection
EndGlobal
